
Microsoft Visual Studio Solution File, Format Version 12.00
# Visual Studio Version 17
VisualStudioVersion = 17.5.33424.131
MinimumVisualStudioVersion = 10.0.40219.1
Project("{FAE04EC0-301F-11D3-BF4B-00C04F79EFBC}") = "FinalTask", "FinalTask.csproj", "{1CA53C98-E250-42EC-92E8-14FF1AF8B094}"
EndProject
Global
	GlobalSection(SolutionConfigurationPlatforms) = preSolution
		Debug|Any CPU = Debug|Any CPU
		Release|Any CPU = Release|Any CPU
	EndGlobalSection
	GlobalSection(ProjectConfigurationPlatforms) = postSolution
		{1CA53C98-E250-42EC-92E8-14FF1AF8B094}.Debug|Any CPU.ActiveCfg = Debug|Any CPU
		{1CA53C98-E250-42EC-92E8-14FF1AF8B094}.Debug|Any CPU.Build.0 = Debug|Any CPU
		{1CA53C98-E250-42EC-92E8-14FF1AF8B094}.Release|Any CPU.ActiveCfg = Release|Any CPU
		{1CA53C98-E250-42EC-92E8-14FF1AF8B094}.Release|Any CPU.Build.0 = Release|Any CPU
	EndGlobalSection
	GlobalSection(SolutionProperties) = preSolution
		HideSolutionNode = FALSE
	EndGlobalSection
	GlobalSection(ExtensibilityGlobals) = postSolution
		SolutionGuid = {DC0961DA-FA32-472C-ABF4-C010265A875E}
	EndGlobalSection
EndGlobal
